// !$*UTF8*$!
{
	archiveVersion = 1;
	classes = {
	};
	objectVersion = 46;
	objects = {

/* Begin PBXAggregateTarget section */
		DAE21573133DB9C2006D63D2 /* Apache CouchDB Zip */ = {
			isa = PBXAggregateTarget;
			buildConfigurationList = DAE21576133DB9C3006D63D2 /* Build configuration list for PBXAggregateTarget "Apache CouchDB Zip" */;
			buildPhases = (
				DAE2157A133DBA20006D63D2 /* Zip it up */,
			);
			dependencies = (
				DAE21579133DB9C8006D63D2 /* PBXTargetDependency */,
			);
			name = "Apache CouchDB Zip";
			productName = "Couchbase Server Zip";
		};
/* End PBXAggregateTarget section */

/* Begin PBXBuildFile section */
		45759BA915681BA30003334D /* CouchDb-Status-bw.png in Resources */ = {isa = PBXBuildFile; fileRef = 45759BA8156818F20003334D /* CouchDb-Status-bw.png */; };
		45759BAA15681BA30003334D /* CouchDb-Status.png in Resources */ = {isa = PBXBuildFile; fileRef = 45759BA7156818370003334D /* CouchDb-Status.png */; };
		45759BAB15681BA30003334D /* CouchDb.icns in Resources */ = {isa = PBXBuildFile; fileRef = 45759BA6156817930003334D /* CouchDb.icns */; };
		DA0E692413DD364400CDAC6D /* dictionary.c in Sources */ = {isa = PBXBuildFile; fileRef = DA0E692013DD364400CDAC6D /* dictionary.c */; };
		DA0E692513DD364400CDAC6D /* iniparser.c in Sources */ = {isa = PBXBuildFile; fileRef = DA0E692213DD364400CDAC6D /* iniparser.c */; };
		DA1AD338133DA58D00E6A9E1 /* Cocoa.framework in Frameworks */ = {isa = PBXBuildFile; fileRef = DA1AD337133DA58D00E6A9E1 /* Cocoa.framework */; };
		DA1AD342133DA58D00E6A9E1 /* InfoPlist.strings in Resources */ = {isa = PBXBuildFile; fileRef = DA1AD340133DA58D00E6A9E1 /* InfoPlist.strings */; };
		DA1AD345133DA58D00E6A9E1 /* main.m in Sources */ = {isa = PBXBuildFile; fileRef = DA1AD344133DA58D00E6A9E1 /* main.m */; };
		DA1AD34B133DA58D00E6A9E1 /* Apache_CouchDBAppDelegate.m in Sources */ = {isa = PBXBuildFile; fileRef = DA1AD34A133DA58D00E6A9E1 /* Apache_CouchDBAppDelegate.m */; };
		DA1AD355133DA58D00E6A9E1 /* Cocoa.framework in Frameworks */ = {isa = PBXBuildFile; fileRef = DA1AD337133DA58D00E6A9E1 /* Cocoa.framework */; };
		DA1AD35D133DA58D00E6A9E1 /* InfoPlist.strings in Resources */ = {isa = PBXBuildFile; fileRef = DA1AD35B133DA58D00E6A9E1 /* InfoPlist.strings */; };
		DA1AD360133DA58D00E6A9E1 /* Apache_CouchDBTests.h in Resources */ = {isa = PBXBuildFile; fileRef = DA1AD35F133DA58D00E6A9E1 /* Apache_CouchDBTests.h */; };
		DA1AD362133DA58D00E6A9E1 /* Apache_CouchDBTests.m in Sources */ = {isa = PBXBuildFile; fileRef = DA1AD361133DA58D00E6A9E1 /* Apache_CouchDBTests.m */; };
		DA3C66FA136BA741007C835A /* couchx.ini in Enable Native Query Server */ = {isa = PBXBuildFile; fileRef = DA3C66F7136BA6BC007C835A /* couchx.ini */; };
		DAADFB01133DA61700B282D6 /* Importer.nib in Resources */ = {isa = PBXBuildFile; fileRef = DAADFAF7133DA61700B282D6 /* Importer.nib */; };
		DAADFB04133DA61700B282D6 /* Credits.html in Resources */ = {isa = PBXBuildFile; fileRef = DAADFAFA133DA61700B282D6 /* Credits.html */; };
		DAADFB05133DA61700B282D6 /* ensure_full_commit.sh in Resources */ = {isa = PBXBuildFile; fileRef = DAADFAFB133DA61700B282D6 /* ensure_full_commit.sh */; };
		DAADFB0A133DA61700B282D6 /* MainMenu.nib in Resources */ = {isa = PBXBuildFile; fileRef = DAADFB00133DA61700B282D6 /* MainMenu.nib */; };
		DAADFB13133DA68B00B282D6 /* LoginItemManager.m in Sources */ = {isa = PBXBuildFile; fileRef = DAADFB0C133DA68B00B282D6 /* LoginItemManager.m */; };
		DAADFB14133DA68B00B282D6 /* ImportableDatabase.m in Sources */ = {isa = PBXBuildFile; fileRef = DAADFB0E133DA68B00B282D6 /* ImportableDatabase.m */; };
		DAADFB15133DA68B00B282D6 /* ImportController.m in Sources */ = {isa = PBXBuildFile; fileRef = DAADFB10133DA68B00B282D6 /* ImportController.m */; };
		DAADFB28133DA75F00B282D6 /* bin in Install Core */ = {isa = PBXBuildFile; fileRef = DAADFB1D133DA75F00B282D6 /* bin */; };
		DAADFB29133DA75F00B282D6 /* env.sh in Install Core */ = {isa = PBXBuildFile; fileRef = DAADFB1E133DA75F00B282D6 /* env.sh */; };
		DAADFB2D133DA75F00B282D6 /* etc in Install Core */ = {isa = PBXBuildFile; fileRef = DAADFB22133DA75F00B282D6 /* etc */; };
		DAADFB2E133DA75F00B282D6 /* lib in Install Core */ = {isa = PBXBuildFile; fileRef = DAADFB23133DA75F00B282D6 /* lib */; };
		DAADFB30133DA75F00B282D6 /* sbin in Install Core */ = {isa = PBXBuildFile; fileRef = DAADFB25133DA75F00B282D6 /* sbin */; };
		DAADFB31133DA75F00B282D6 /* share in Install Core */ = {isa = PBXBuildFile; fileRef = DAADFB26133DA75F00B282D6 /* share */; };
		DAADFB32133DA75F00B282D6 /* var in Install Core */ = {isa = PBXBuildFile; fileRef = DAADFB27133DA75F00B282D6 /* var */; };
		DAADFB3B133DA84E00B282D6 /* erl in Install Proper erl start thing */ = {isa = PBXBuildFile; fileRef = DAADFB37133DA84400B282D6 /* erl */; };
/* End PBXBuildFile section */

/* Begin PBXContainerItemProxy section */
		DA1AD356133DA58D00E6A9E1 /* PBXContainerItemProxy */ = {
			isa = PBXContainerItemProxy;
			containerPortal = DA1AD32A133DA58D00E6A9E1 /* Project object */;
			proxyType = 1;
			remoteGlobalIDString = DA1AD332133DA58D00E6A9E1;
			remoteInfo = "Couchbase Server";
		};
		DAE21578133DB9C8006D63D2 /* PBXContainerItemProxy */ = {
			isa = PBXContainerItemProxy;
			containerPortal = DA1AD32A133DA58D00E6A9E1 /* Project object */;
			proxyType = 1;
			remoteGlobalIDString = DA1AD332133DA58D00E6A9E1;
			remoteInfo = "Couchbase Server";
		};
/* End PBXContainerItemProxy section */

/* Begin PBXCopyFilesBuildPhase section */
		DA3C66F9136BA714007C835A /* Enable Native Query Server */ = {
			isa = PBXCopyFilesBuildPhase;
			buildActionMask = 2147483647;
			dstPath = "couchdbx-core/etc/couchdb/default.d";
			dstSubfolderSpec = 7;
			files = (
				DA3C66FA136BA741007C835A /* couchx.ini in Enable Native Query Server */,
			);
			name = "Enable Native Query Server";
			runOnlyForDeploymentPostprocessing = 0;
		};
		DAADFB1C133DA72C00B282D6 /* Install Core */ = {
			isa = PBXCopyFilesBuildPhase;
			buildActionMask = 2147483647;
			dstPath = "couchdbx-core";
			dstSubfolderSpec = 7;
			files = (
				DAADFB28133DA75F00B282D6 /* bin in Install Core */,
				DAADFB29133DA75F00B282D6 /* env.sh in Install Core */,
				DAADFB2D133DA75F00B282D6 /* etc in Install Core */,
				DAADFB2E133DA75F00B282D6 /* lib in Install Core */,
				DAADFB30133DA75F00B282D6 /* sbin in Install Core */,
				DAADFB31133DA75F00B282D6 /* share in Install Core */,
				DAADFB32133DA75F00B282D6 /* var in Install Core */,
			);
			name = "Install Core";
			runOnlyForDeploymentPostprocessing = 0;
		};
		DAADFB36133DA7E800B282D6 /* Install Proper erl start thing */ = {
			isa = PBXCopyFilesBuildPhase;
			buildActionMask = 2147483647;
			dstPath = "couchdbx-core/bin";
			dstSubfolderSpec = 7;
			files = (
				DAADFB3B133DA84E00B282D6 /* erl in Install Proper erl start thing */,
			);
			name = "Install Proper erl start thing";
			runOnlyForDeploymentPostprocessing = 0;
		};
/* End PBXCopyFilesBuildPhase section */

/* Begin PBXFileReference section */
		45041425158361AC0040F6FF /* CouchDB Server.entitlements */ = {isa = PBXFileReference; lastKnownFileType = text.xml; path = "CouchDB Server.entitlements"; sourceTree = SOURCE_ROOT; };
		45759BA6156817930003334D /* CouchDb.icns */ = {isa = PBXFileReference; lastKnownFileType = image.icns; path = CouchDb.icns; sourceTree = "<group>"; };
		45759BA7156818370003334D /* CouchDb-Status.png */ = {isa = PBXFileReference; lastKnownFileType = image.png; path = "CouchDb-Status.png"; sourceTree = "<group>"; };
		45759BA8156818F20003334D /* CouchDb-Status-bw.png */ = {isa = PBXFileReference; lastKnownFileType = image.png; path = "CouchDb-Status-bw.png"; sourceTree = "<group>"; };
		DA0E692013DD364400CDAC6D /* dictionary.c */ = {isa = PBXFileReference; fileEncoding = 4; lastKnownFileType = sourcecode.c.c; path = dictionary.c; sourceTree = "<group>"; };
		DA0E692113DD364400CDAC6D /* dictionary.h */ = {isa = PBXFileReference; fileEncoding = 4; lastKnownFileType = sourcecode.c.h; path = dictionary.h; sourceTree = "<group>"; };
		DA0E692213DD364400CDAC6D /* iniparser.c */ = {isa = PBXFileReference; fileEncoding = 4; lastKnownFileType = sourcecode.c.c; path = iniparser.c; sourceTree = "<group>"; };
		DA0E692313DD364400CDAC6D /* iniparser.h */ = {isa = PBXFileReference; fileEncoding = 4; lastKnownFileType = sourcecode.c.h; path = iniparser.h; sourceTree = "<group>"; };
		DA1AD333133DA58D00E6A9E1 /* Apache CouchDB.app */ = {isa = PBXFileReference; explicitFileType = wrapper.application; includeInIndex = 0; path = "Apache CouchDB.app"; sourceTree = BUILT_PRODUCTS_DIR; };
		DA1AD337133DA58D00E6A9E1 /* Cocoa.framework */ = {isa = PBXFileReference; lastKnownFileType = wrapper.framework; name = Cocoa.framework; path = System/Library/Frameworks/Cocoa.framework; sourceTree = SDKROOT; };
		DA1AD33A133DA58D00E6A9E1 /* AppKit.framework */ = {isa = PBXFileReference; lastKnownFileType = wrapper.framework; name = AppKit.framework; path = System/Library/Frameworks/AppKit.framework; sourceTree = SDKROOT; };
		DA1AD33B133DA58D00E6A9E1 /* CoreData.framework */ = {isa = PBXFileReference; lastKnownFileType = wrapper.framework; name = CoreData.framework; path = System/Library/Frameworks/CoreData.framework; sourceTree = SDKROOT; };
		DA1AD33C133DA58D00E6A9E1 /* Foundation.framework */ = {isa = PBXFileReference; lastKnownFileType = wrapper.framework; name = Foundation.framework; path = System/Library/Frameworks/Foundation.framework; sourceTree = SDKROOT; };
		DA1AD33F133DA58D00E6A9E1 /* Apache CouchDB-Info.plist */ = {isa = PBXFileReference; lastKnownFileType = text.plist.xml; path = "Apache CouchDB-Info.plist"; sourceTree = "<group>"; };
		DA1AD341133DA58D00E6A9E1 /* en */ = {isa = PBXFileReference; lastKnownFileType = text.plist.strings; name = en; path = en.lproj/InfoPlist.strings; sourceTree = "<group>"; };
		DA1AD343133DA58D00E6A9E1 /* Apache CouchDB-Prefix.pch */ = {isa = PBXFileReference; lastKnownFileType = sourcecode.c.h; path = "Apache CouchDB-Prefix.pch"; sourceTree = "<group>"; };
		DA1AD344133DA58D00E6A9E1 /* main.m */ = {isa = PBXFileReference; lastKnownFileType = sourcecode.c.objc; path = main.m; sourceTree = "<group>"; };
		DA1AD349133DA58D00E6A9E1 /* Apache_CouchDBAppDelegate.h */ = {isa = PBXFileReference; lastKnownFileType = sourcecode.c.h; path = Apache_CouchDBAppDelegate.h; sourceTree = "<group>"; };
		DA1AD34A133DA58D00E6A9E1 /* Apache_CouchDBAppDelegate.m */ = {isa = PBXFileReference; lastKnownFileType = sourcecode.c.objc; path = Apache_CouchDBAppDelegate.m; sourceTree = "<group>"; };
		DA1AD354133DA58D00E6A9E1 /* Apache CouchDBTests.octest */ = {isa = PBXFileReference; explicitFileType = wrapper.cfbundle; includeInIndex = 0; path = "Apache CouchDBTests.octest"; sourceTree = BUILT_PRODUCTS_DIR; };
		DA1AD35A133DA58D00E6A9E1 /* Apache CouchDBTests-Info.plist */ = {isa = PBXFileReference; lastKnownFileType = text.plist.xml; path = "Apache CouchDBTests-Info.plist"; sourceTree = "<group>"; };
		DA1AD35C133DA58D00E6A9E1 /* en */ = {isa = PBXFileReference; lastKnownFileType = text.plist.strings; name = en; path = en.lproj/InfoPlist.strings; sourceTree = "<group>"; };
		DA1AD35E133DA58D00E6A9E1 /* Apache CouchDBTests-Prefix.pch */ = {isa = PBXFileReference; lastKnownFileType = sourcecode.c.h; path = "Apache CouchDBTests-Prefix.pch"; sourceTree = "<group>"; };
		DA1AD35F133DA58D00E6A9E1 /* Apache_CouchDBTests.h */ = {isa = PBXFileReference; lastKnownFileType = sourcecode.c.h; path = Apache_CouchDBTests.h; sourceTree = "<group>"; };
		DA1AD361133DA58D00E6A9E1 /* Apache_CouchDBTests.m */ = {isa = PBXFileReference; lastKnownFileType = sourcecode.c.objc; path = Apache_CouchDBTests.m; sourceTree = "<group>"; };
		DA3C66F7136BA6BC007C835A /* couchx.ini */ = {isa = PBXFileReference; lastKnownFileType = text; path = couchx.ini; sourceTree = "<group>"; };
		DAADFAF7133DA61700B282D6 /* Importer.nib */ = {isa = PBXFileReference; lastKnownFileType = wrapper.nib; path = Importer.nib; sourceTree = "<group>"; };
		DAADFAFA133DA61700B282D6 /* Credits.html */ = {isa = PBXFileReference; fileEncoding = 4; lastKnownFileType = text.html; path = Credits.html; sourceTree = "<group>"; };
		DAADFAFB133DA61700B282D6 /* ensure_full_commit.sh */ = {isa = PBXFileReference; fileEncoding = 4; lastKnownFileType = text.script.sh; path = ensure_full_commit.sh; sourceTree = "<group>"; };
		DAADFB00133DA61700B282D6 /* MainMenu.nib */ = {isa = PBXFileReference; lastKnownFileType = wrapper.nib; path = MainMenu.nib; sourceTree = "<group>"; };
		DAADFB0B133DA68B00B282D6 /* LoginItemManager.h */ = {isa = PBXFileReference; fileEncoding = 4; lastKnownFileType = sourcecode.c.h; path = LoginItemManager.h; sourceTree = "<group>"; };
		DAADFB0C133DA68B00B282D6 /* LoginItemManager.m */ = {isa = PBXFileReference; fileEncoding = 4; lastKnownFileType = sourcecode.c.objc; path = LoginItemManager.m; sourceTree = "<group>"; };
		DAADFB0D133DA68B00B282D6 /* ImportableDatabase.h */ = {isa = PBXFileReference; fileEncoding = 4; lastKnownFileType = sourcecode.c.h; path = ImportableDatabase.h; sourceTree = "<group>"; };
		DAADFB0E133DA68B00B282D6 /* ImportableDatabase.m */ = {isa = PBXFileReference; fileEncoding = 4; lastKnownFileType = sourcecode.c.objc; path = ImportableDatabase.m; sourceTree = "<group>"; };
		DAADFB0F133DA68B00B282D6 /* ImportController.h */ = {isa = PBXFileReference; fileEncoding = 4; lastKnownFileType = sourcecode.c.h; path = ImportController.h; sourceTree = "<group>"; };
		DAADFB10133DA68B00B282D6 /* ImportController.m */ = {isa = PBXFileReference; fileEncoding = 4; lastKnownFileType = sourcecode.c.objc; path = ImportController.m; sourceTree = "<group>"; };
		DAADFB1D133DA75F00B282D6 /* bin */ = {isa = PBXFileReference; lastKnownFileType = folder; path = bin; sourceTree = "<group>"; };
		DAADFB1E133DA75F00B282D6 /* env.sh */ = {isa = PBXFileReference; lastKnownFileType = text.script.sh; path = env.sh; sourceTree = "<group>"; };
		DAADFB22133DA75F00B282D6 /* etc */ = {isa = PBXFileReference; lastKnownFileType = folder; path = etc; sourceTree = "<group>"; };
		DAADFB23133DA75F00B282D6 /* lib */ = {isa = PBXFileReference; lastKnownFileType = folder; path = lib; sourceTree = "<group>"; };
		DAADFB25133DA75F00B282D6 /* sbin */ = {isa = PBXFileReference; lastKnownFileType = folder; path = sbin; sourceTree = "<group>"; };
		DAADFB26133DA75F00B282D6 /* share */ = {isa = PBXFileReference; lastKnownFileType = folder; path = share; sourceTree = "<group>"; };
		DAADFB27133DA75F00B282D6 /* var */ = {isa = PBXFileReference; lastKnownFileType = folder; path = var; sourceTree = "<group>"; };
		DAADFB37133DA84400B282D6 /* erl */ = {isa = PBXFileReference; fileEncoding = 4; lastKnownFileType = text.script.sh; path = erl; sourceTree = "<group>"; };
		DAADFB38133DA84400B282D6 /* fix-paths.sh */ = {isa = PBXFileReference; fileEncoding = 4; lastKnownFileType = text.script.sh; path = "fix-paths.sh"; sourceTree = "<group>"; };
/* End PBXFileReference section */

/* Begin PBXFrameworksBuildPhase section */
		DA1AD330133DA58D00E6A9E1 /* Frameworks */ = {
			isa = PBXFrameworksBuildPhase;
			buildActionMask = 2147483647;
			files = (
				DA1AD338133DA58D00E6A9E1 /* Cocoa.framework in Frameworks */,
			);
			runOnlyForDeploymentPostprocessing = 0;
		};
		DA1AD350133DA58D00E6A9E1 /* Frameworks */ = {
			isa = PBXFrameworksBuildPhase;
			buildActionMask = 2147483647;
			files = (
				DA1AD355133DA58D00E6A9E1 /* Cocoa.framework in Frameworks */,
			);
			runOnlyForDeploymentPostprocessing = 0;
		};
/* End PBXFrameworksBuildPhase section */

/* Begin PBXGroup section */
		DA1AD328133DA58D00E6A9E1 = {
			isa = PBXGroup;
			children = (
				DAADFB33133DA77500B282D6 /* Core Files */,
				DA1AD33D133DA58D00E6A9E1 /* CouchDB Server */,
				DA1AD358133DA58D00E6A9E1 /* CouchDB ServerTests */,
				DA1AD336133DA58D00E6A9E1 /* Frameworks */,
				DA1AD334133DA58D00E6A9E1 /* Products */,
			);
			sourceTree = "<group>";
		};
		DA1AD334133DA58D00E6A9E1 /* Products */ = {
			isa = PBXGroup;
			children = (
				DA1AD333133DA58D00E6A9E1 /* Apache CouchDB.app */,
				DA1AD354133DA58D00E6A9E1 /* Apache CouchDBTests.octest */,
			);
			name = Products;
			sourceTree = "<group>";
		};
		DA1AD336133DA58D00E6A9E1 /* Frameworks */ = {
			isa = PBXGroup;
			children = (
				DA1AD337133DA58D00E6A9E1 /* Cocoa.framework */,
				DA1AD339133DA58D00E6A9E1 /* Other Frameworks */,
			);
			name = Frameworks;
			sourceTree = "<group>";
		};
		DA1AD339133DA58D00E6A9E1 /* Other Frameworks */ = {
			isa = PBXGroup;
			children = (
				DA1AD33A133DA58D00E6A9E1 /* AppKit.framework */,
				DA1AD33B133DA58D00E6A9E1 /* CoreData.framework */,
				DA1AD33C133DA58D00E6A9E1 /* Foundation.framework */,
			);
			name = "Other Frameworks";
			sourceTree = "<group>";
		};
		DA1AD33D133DA58D00E6A9E1 /* CouchDB Server */ = {
			isa = PBXGroup;
			children = (
				45041425158361AC0040F6FF /* CouchDB Server.entitlements */,
				DAADFB0B133DA68B00B282D6 /* LoginItemManager.h */,
				DAADFB0C133DA68B00B282D6 /* LoginItemManager.m */,
				DAADFB0D133DA68B00B282D6 /* ImportableDatabase.h */,
				DAADFB0E133DA68B00B282D6 /* ImportableDatabase.m */,
				DAADFB0F133DA68B00B282D6 /* ImportController.h */,
				DAADFB10133DA68B00B282D6 /* ImportController.m */,
				DA1AD349133DA58D00E6A9E1 /* Apache_CouchDBAppDelegate.h */,
				DA1AD34A133DA58D00E6A9E1 /* Apache_CouchDBAppDelegate.m */,
				DA1AD33E133DA58D00E6A9E1 /* Supporting Files */,
			);
			name = "CouchDB Server";
			path = "Couchbase Server";
			sourceTree = "<group>";
		};
		DA1AD33E133DA58D00E6A9E1 /* Supporting Files */ = {
			isa = PBXGroup;
			children = (
				45759BA8156818F20003334D /* CouchDb-Status-bw.png */,
				45759BA7156818370003334D /* CouchDb-Status.png */,
				45759BA6156817930003334D /* CouchDb.icns */,
				DA0E692013DD364400CDAC6D /* dictionary.c */,
				DA0E692113DD364400CDAC6D /* dictionary.h */,
				DA0E692213DD364400CDAC6D /* iniparser.c */,
				DA0E692313DD364400CDAC6D /* iniparser.h */,
				DA3C66F7136BA6BC007C835A /* couchx.ini */,
				DAADFB37133DA84400B282D6 /* erl */,
				DAADFB38133DA84400B282D6 /* fix-paths.sh */,
				DAADFAF7133DA61700B282D6 /* Importer.nib */,
				DAADFAFA133DA61700B282D6 /* Credits.html */,
				DAADFAFB133DA61700B282D6 /* ensure_full_commit.sh */,
				DAADFB00133DA61700B282D6 /* MainMenu.nib */,
				DA1AD33F133DA58D00E6A9E1 /* Apache CouchDB-Info.plist */,
				DA1AD340133DA58D00E6A9E1 /* InfoPlist.strings */,
				DA1AD343133DA58D00E6A9E1 /* Apache CouchDB-Prefix.pch */,
				DA1AD344133DA58D00E6A9E1 /* main.m */,
			);
			name = "Supporting Files";
			sourceTree = "<group>";
		};
		DA1AD358133DA58D00E6A9E1 /* CouchDB ServerTests */ = {
			isa = PBXGroup;
			children = (
				DA1AD35F133DA58D00E6A9E1 /* Apache_CouchDBTests.h */,
				DA1AD361133DA58D00E6A9E1 /* Apache_CouchDBTests.m */,
				DA1AD359133DA58D00E6A9E1 /* Supporting Files */,
			);
			name = "CouchDB ServerTests";
			path = "Couchbase ServerTests";
			sourceTree = "<group>";
		};
		DA1AD359133DA58D00E6A9E1 /* Supporting Files */ = {
			isa = PBXGroup;
			children = (
				DA1AD35A133DA58D00E6A9E1 /* Apache CouchDBTests-Info.plist */,
				DA1AD35B133DA58D00E6A9E1 /* InfoPlist.strings */,
				DA1AD35E133DA58D00E6A9E1 /* Apache CouchDBTests-Prefix.pch */,
			);
			name = "Supporting Files";
			sourceTree = "<group>";
		};
		DAADFB33133DA77500B282D6 /* Core Files */ = {
			isa = PBXGroup;
			children = (
				DAADFB1D133DA75F00B282D6 /* bin */,
				DAADFB1E133DA75F00B282D6 /* env.sh */,
				DAADFB22133DA75F00B282D6 /* etc */,
				DAADFB23133DA75F00B282D6 /* lib */,
				DAADFB25133DA75F00B282D6 /* sbin */,
				DAADFB26133DA75F00B282D6 /* share */,
				DAADFB27133DA75F00B282D6 /* var */,
			);
			name = "Core Files";
			path = "../build-couchdb-1.2.1/build";
			sourceTree = SOURCE_ROOT;
		};
/* End PBXGroup section */

/* Begin PBXNativeTarget section */
		DA1AD332133DA58D00E6A9E1 /* Apache CouchDB */ = {
			isa = PBXNativeTarget;
			buildConfigurationList = DA1AD365133DA58D00E6A9E1 /* Build configuration list for PBXNativeTarget "Apache CouchDB" */;
			buildPhases = (
				DA1AD32F133DA58D00E6A9E1 /* Sources */,
				DA1AD330133DA58D00E6A9E1 /* Frameworks */,
				DA1AD331133DA58D00E6A9E1 /* Resources */,
				DAADFB1C133DA72C00B282D6 /* Install Core */,
				DAADFB34133DA78D00B282D6 /* Fixup Paths */,
				DAADFB36133DA7E800B282D6 /* Install Proper erl start thing */,
				DA3C66F9136BA714007C835A /* Enable Native Query Server */,
			);
			buildRules = (
			);
			dependencies = (
			);
			name = "Apache CouchDB";
			productName = "Couchbase Server";
			productReference = DA1AD333133DA58D00E6A9E1 /* Apache CouchDB.app */;
			productType = "com.apple.product-type.application";
		};
		DA1AD353133DA58D00E6A9E1 /* Apache CouchDB Tests */ = {
			isa = PBXNativeTarget;
			buildConfigurationList = DA1AD368133DA58D00E6A9E1 /* Build configuration list for PBXNativeTarget "Apache CouchDB Tests" */;
			buildPhases = (
				DA1AD34F133DA58D00E6A9E1 /* Sources */,
				DA1AD350133DA58D00E6A9E1 /* Frameworks */,
				DA1AD351133DA58D00E6A9E1 /* Resources */,
				DA1AD352133DA58D00E6A9E1 /* ShellScript */,
			);
			buildRules = (
			);
			dependencies = (
				DA1AD357133DA58D00E6A9E1 /* PBXTargetDependency */,
			);
			name = "Apache CouchDB Tests";
			productName = "Couchbase ServerTests";
			productReference = DA1AD354133DA58D00E6A9E1 /* Apache CouchDBTests.octest */;
			productType = "com.apple.product-type.bundle";
		};
/* End PBXNativeTarget section */

/* Begin PBXProject section */
		DA1AD32A133DA58D00E6A9E1 /* Project object */ = {
			isa = PBXProject;
			attributes = {
				LastUpgradeCheck = 0420;
				ORGANIZATIONNAME = NorthScale;
			};
			buildConfigurationList = DA1AD32D133DA58D00E6A9E1 /* Build configuration list for PBXProject "Apache CouchDB" */;
			compatibilityVersion = "Xcode 3.2";
			developmentRegion = English;
			hasScannedForEncodings = 0;
			knownRegions = (
				en,
			);
			mainGroup = DA1AD328133DA58D00E6A9E1;
			productRefGroup = DA1AD334133DA58D00E6A9E1 /* Products */;
			projectDirPath = "";
			projectRoot = "";
			targets = (
				DAE21573133DB9C2006D63D2 /* Apache CouchDB Zip */,
				DA1AD332133DA58D00E6A9E1 /* Apache CouchDB */,
				DA1AD353133DA58D00E6A9E1 /* Apache CouchDB Tests */,
			);
		};
/* End PBXProject section */

/* Begin PBXResourcesBuildPhase section */
		DA1AD331133DA58D00E6A9E1 /* Resources */ = {
			isa = PBXResourcesBuildPhase;
			buildActionMask = 2147483647;
			files = (
				DA1AD342133DA58D00E6A9E1 /* InfoPlist.strings in Resources */,
				DAADFB01133DA61700B282D6 /* Importer.nib in Resources */,
				DAADFB04133DA61700B282D6 /* Credits.html in Resources */,
				DAADFB05133DA61700B282D6 /* ensure_full_commit.sh in Resources */,
				DAADFB0A133DA61700B282D6 /* MainMenu.nib in Resources */,
				45759BA915681BA30003334D /* CouchDb-Status-bw.png in Resources */,
				45759BAA15681BA30003334D /* CouchDb-Status.png in Resources */,
				45759BAB15681BA30003334D /* CouchDb.icns in Resources */,
			);
			runOnlyForDeploymentPostprocessing = 0;
		};
		DA1AD351133DA58D00E6A9E1 /* Resources */ = {
			isa = PBXResourcesBuildPhase;
			buildActionMask = 2147483647;
			files = (
				DA1AD35D133DA58D00E6A9E1 /* InfoPlist.strings in Resources */,
				DA1AD360133DA58D00E6A9E1 /* Apache_CouchDBTests.h in Resources */,
			);
			runOnlyForDeploymentPostprocessing = 0;
		};
/* End PBXResourcesBuildPhase section */

/* Begin PBXShellScriptBuildPhase section */
		DA1AD352133DA58D00E6A9E1 /* ShellScript */ = {
			isa = PBXShellScriptBuildPhase;
			buildActionMask = 2147483647;
			files = (
			);
			inputPaths = (
			);
			outputPaths = (
			);
			runOnlyForDeploymentPostprocessing = 0;
			shellPath = /bin/sh;
			shellScript = "# Run the unit tests in this test bundle.\n\"${SYSTEM_DEVELOPER_DIR}/Tools/RunUnitTests\"\n";
		};
		DAADFB34133DA78D00B282D6 /* Fixup Paths */ = {
			isa = PBXShellScriptBuildPhase;
			buildActionMask = 2147483647;
			files = (
			);
			inputPaths = (
				"$(SRCROOT)/Couchbase Server/fix-paths.sh",
			);
			name = "Fixup Paths";
			outputPaths = (
			);
			runOnlyForDeploymentPostprocessing = 0;
			shellPath = /bin/sh;
			shellScript = "exec \"$SCRIPT_INPUT_FILE_0\"";
		};
		DAE2157A133DBA20006D63D2 /* Zip it up */ = {
			isa = PBXShellScriptBuildPhase;
			buildActionMask = 2147483647;
			files = (
			);
			inputPaths = (
			);
			name = "Zip it up";
			outputPaths = (
			);
			runOnlyForDeploymentPostprocessing = 0;
			shellPath = /bin/sh;
			shellScript = "cd \"$BUILT_PRODUCTS_DIR\"\nV=$(/usr/libexec/PlistBuddy \"$PROJECT_NAME.app/Contents/Info.plist\" -c 'Print CFBundleVersion')\nditto -ck --keepParent \"$PROJECT_NAME.app\" \"$PROJECT_NAME-$V.zip\"";
		};
/* End PBXShellScriptBuildPhase section */

/* Begin PBXSourcesBuildPhase section */
		DA1AD32F133DA58D00E6A9E1 /* Sources */ = {
			isa = PBXSourcesBuildPhase;
			buildActionMask = 2147483647;
			files = (
				DA1AD345133DA58D00E6A9E1 /* main.m in Sources */,
				DA1AD34B133DA58D00E6A9E1 /* Apache_CouchDBAppDelegate.m in Sources */,
				DAADFB13133DA68B00B282D6 /* LoginItemManager.m in Sources */,
				DAADFB14133DA68B00B282D6 /* ImportableDatabase.m in Sources */,
				DAADFB15133DA68B00B282D6 /* ImportController.m in Sources */,
				DA0E692413DD364400CDAC6D /* dictionary.c in Sources */,
				DA0E692513DD364400CDAC6D /* iniparser.c in Sources */,
			);
			runOnlyForDeploymentPostprocessing = 0;
		};
		DA1AD34F133DA58D00E6A9E1 /* Sources */ = {
			isa = PBXSourcesBuildPhase;
			buildActionMask = 2147483647;
			files = (
				DA1AD362133DA58D00E6A9E1 /* Apache_CouchDBTests.m in Sources */,
			);
			runOnlyForDeploymentPostprocessing = 0;
		};
/* End PBXSourcesBuildPhase section */

/* Begin PBXTargetDependency section */
		DA1AD357133DA58D00E6A9E1 /* PBXTargetDependency */ = {
			isa = PBXTargetDependency;
			target = DA1AD332133DA58D00E6A9E1 /* Apache CouchDB */;
			targetProxy = DA1AD356133DA58D00E6A9E1 /* PBXContainerItemProxy */;
		};
		DAE21579133DB9C8006D63D2 /* PBXTargetDependency */ = {
			isa = PBXTargetDependency;
			target = DA1AD332133DA58D00E6A9E1 /* Apache CouchDB */;
			targetProxy = DAE21578133DB9C8006D63D2 /* PBXContainerItemProxy */;
		};
/* End PBXTargetDependency section */

/* Begin PBXVariantGroup section */
		DA1AD340133DA58D00E6A9E1 /* InfoPlist.strings */ = {
			isa = PBXVariantGroup;
			children = (
				DA1AD341133DA58D00E6A9E1 /* en */,
			);
			name = InfoPlist.strings;
			sourceTree = "<group>";
		};
		DA1AD35B133DA58D00E6A9E1 /* InfoPlist.strings */ = {
			isa = PBXVariantGroup;
			children = (
				DA1AD35C133DA58D00E6A9E1 /* en */,
			);
			name = InfoPlist.strings;
			sourceTree = "<group>";
		};
/* End PBXVariantGroup section */

/* Begin XCBuildConfiguration section */
		DA1AD363133DA58D00E6A9E1 /* Debug */ = {
			isa = XCBuildConfiguration;
			buildSettings = {
				ARCHS = "$(ARCHS_STANDARD_32_64_BIT)";
				GCC_C_LANGUAGE_STANDARD = gnu99;
				GCC_OPTIMIZATION_LEVEL = 0;
				GCC_PREPROCESSOR_DEFINITIONS = DEBUG;
				GCC_SYMBOLS_PRIVATE_EXTERN = NO;
				GCC_VERSION = com.apple.compilers.llvm.clang.1_0;
				GCC_WARN_64_TO_32_BIT_CONVERSION = YES;
				GCC_WARN_ABOUT_RETURN_TYPE = YES;
				GCC_WARN_UNUSED_VARIABLE = YES;
				MACOSX_DEPLOYMENT_TARGET = 10.6;
				ONLY_ACTIVE_ARCH = YES;
				SDKROOT = macosx;
			};
			name = Debug;
		};
		DA1AD364133DA58D00E6A9E1 /* Release */ = {
			isa = XCBuildConfiguration;
			buildSettings = {
				ARCHS = "$(ARCHS_STANDARD_32_64_BIT)";
				GCC_C_LANGUAGE_STANDARD = gnu99;
				GCC_VERSION = com.apple.compilers.llvm.clang.1_0;
				GCC_WARN_64_TO_32_BIT_CONVERSION = YES;
				GCC_WARN_ABOUT_RETURN_TYPE = YES;
				GCC_WARN_UNUSED_VARIABLE = YES;
				MACOSX_DEPLOYMENT_TARGET = 10.6;
				SDKROOT = macosx;
			};
			name = Release;
		};
		DA1AD366133DA58D00E6A9E1 /* Debug */ = {
			isa = XCBuildConfiguration;
			buildSettings = {
				ALWAYS_SEARCH_USER_PATHS = NO;
				CODE_SIGN_ENTITLEMENTS = "CouchDB Server.entitlements";
				COPY_PHASE_STRIP = NO;
				FRAMEWORK_SEARCH_PATHS = (
					"$(inherited)",
					"\"$(SRCROOT)\"",
				);
				GCC_DYNAMIC_NO_PIC = NO;
				GCC_ENABLE_OBJC_EXCEPTIONS = YES;
				GCC_PRECOMPILE_PREFIX_HEADER = YES;
				GCC_PREFIX_HEADER = "Couchbase Server/Apache CouchDB-Prefix.pch";
				INFOPLIST_FILE = "Couchbase Server/Apache CouchDB-Info.plist";
				PRODUCT_NAME = "Apache CouchDB";
				WRAPPER_EXTENSION = app;
			};
			name = Debug;
		};
		DA1AD367133DA58D00E6A9E1 /* Release */ = {
			isa = XCBuildConfiguration;
			buildSettings = {
				ALWAYS_SEARCH_USER_PATHS = NO;
				CODE_SIGN_ENTITLEMENTS = "CouchDB Server.entitlements";
				COPY_PHASE_STRIP = YES;
				DEBUG_INFORMATION_FORMAT = "dwarf-with-dsym";
				FRAMEWORK_SEARCH_PATHS = (
					"$(inherited)",
					"\"$(SRCROOT)\"",
				);
				GCC_ENABLE_OBJC_EXCEPTIONS = YES;
				GCC_PRECOMPILE_PREFIX_HEADER = YES;
				GCC_PREFIX_HEADER = "Couchbase Server/Apache CouchDB-Prefix.pch";
				INFOPLIST_FILE = "Couchbase Server/Apache CouchDB-Info.plist";
				PRODUCT_NAME = "Apache CouchDB";
				WRAPPER_EXTENSION = app;
			};
			name = Release;
		};
		DA1AD369133DA58D00E6A9E1 /* Debug */ = {
			isa = XCBuildConfiguration;
			buildSettings = {
				ALWAYS_SEARCH_USER_PATHS = NO;
				BUNDLE_LOADER = "$(BUILT_PRODUCTS_DIR)/Couchbase Server.app/Contents/MacOS/Couchbase Server";
				COPY_PHASE_STRIP = NO;
				FRAMEWORK_SEARCH_PATHS = "$(DEVELOPER_LIBRARY_DIR)/Frameworks";
				GCC_DYNAMIC_NO_PIC = NO;
				GCC_ENABLE_OBJC_EXCEPTIONS = YES;
				GCC_PRECOMPILE_PREFIX_HEADER = YES;
				GCC_PREFIX_HEADER = "Couchbase ServerTests/Apache CouchDBTests-Prefix.pch";
				INFOPLIST_FILE = "Couchbase ServerTests/Apache CouchDBTests-Info.plist";
				OTHER_LDFLAGS = (
					"-framework",
					SenTestingKit,
				);
				PRODUCT_NAME = "Apache CouchDBTests";
				TEST_HOST = "$(BUNDLE_LOADER)";
				WRAPPER_EXTENSION = octest;
			};
			name = Debug;
		};
		DA1AD36A133DA58D00E6A9E1 /* Release */ = {
			isa = XCBuildConfiguration;
			buildSettings = {
				ALWAYS_SEARCH_USER_PATHS = NO;
				BUNDLE_LOADER = "$(BUILT_PRODUCTS_DIR)/Couchbase Server.app/Contents/MacOS/Couchbase Server";
				COPY_PHASE_STRIP = YES;
				DEBUG_INFORMATION_FORMAT = "dwarf-with-dsym";
				FRAMEWORK_SEARCH_PATHS = "$(DEVELOPER_LIBRARY_DIR)/Frameworks";
				GCC_ENABLE_OBJC_EXCEPTIONS = YES;
				GCC_PRECOMPILE_PREFIX_HEADER = YES;
				GCC_PREFIX_HEADER = "Couchbase ServerTests/Apache CouchDBTests-Prefix.pch";
				INFOPLIST_FILE = "Couchbase ServerTests/Apache CouchDBTests-Info.plist";
				OTHER_LDFLAGS = (
					"-framework",
					SenTestingKit,
				);
				PRODUCT_NAME = "Apache CouchDBTests";
				TEST_HOST = "$(BUNDLE_LOADER)";
				WRAPPER_EXTENSION = octest;
			};
			name = Release;
		};
		DAE21574133DB9C2006D63D2 /* Debug */ = {
			isa = XCBuildConfiguration;
			buildSettings = {
				ARCHS = i386;
				MACOSX_DEPLOYMENT_TARGET = 10.5;
				PRODUCT_NAME = "Apache CouchDB Zip";
			};
			name = Debug;
		};
		DAE21575133DB9C2006D63D2 /* Release */ = {
			isa = XCBuildConfiguration;
			buildSettings = {
				ARCHS = i386;
				MACOSX_DEPLOYMENT_TARGET = 10.5;
				PRODUCT_NAME = "Apache CouchDB Zip";
			};
			name = Release;
		};
/* End XCBuildConfiguration section */

/* Begin XCConfigurationList section */
		DA1AD32D133DA58D00E6A9E1 /* Build configuration list for PBXProject "Apache CouchDB" */ = {
			isa = XCConfigurationList;
			buildConfigurations = (
				DA1AD363133DA58D00E6A9E1 /* Debug */,
				DA1AD364133DA58D00E6A9E1 /* Release */,
			);
			defaultConfigurationIsVisible = 0;
			defaultConfigurationName = Release;
		};
		DA1AD365133DA58D00E6A9E1 /* Build configuration list for PBXNativeTarget "Apache CouchDB" */ = {
			isa = XCConfigurationList;
			buildConfigurations = (
				DA1AD366133DA58D00E6A9E1 /* Debug */,
				DA1AD367133DA58D00E6A9E1 /* Release */,
			);
			defaultConfigurationIsVisible = 0;
			defaultConfigurationName = Release;
		};
		DA1AD368133DA58D00E6A9E1 /* Build configuration list for PBXNativeTarget "Apache CouchDB Tests" */ = {
			isa = XCConfigurationList;
			buildConfigurations = (
				DA1AD369133DA58D00E6A9E1 /* Debug */,
				DA1AD36A133DA58D00E6A9E1 /* Release */,
			);
			defaultConfigurationIsVisible = 0;
			defaultConfigurationName = Release;
		};
		DAE21576133DB9C3006D63D2 /* Build configuration list for PBXAggregateTarget "Apache CouchDB Zip" */ = {
			isa = XCConfigurationList;
			buildConfigurations = (
				DAE21574133DB9C2006D63D2 /* Debug */,
				DAE21575133DB9C2006D63D2 /* Release */,
			);
			defaultConfigurationIsVisible = 0;
			defaultConfigurationName = Release;
		};
/* End XCConfigurationList section */
	};
	rootObject = DA1AD32A133DA58D00E6A9E1 /* Project object */;
}
